
Microsoft Visual Studio Solution File, Format Version 12.00
# Visual Studio Version 17
VisualStudioVersion = 17.10.35027.167
MinimumVisualStudioVersion = 10.0.40219.1
Project("{FAE04EC0-301F-11D3-BF4B-00C04F79EFBC}") = "SignalHub", "SignalHub.csproj", "{F62C6894-52BA-4F01-A157-7D0DDE049320}"
EndProject
Global
	GlobalSection(SolutionConfigurationPlatforms) = preSolution
		Debug|Any CPU = Debug|Any CPU
		Release|Any CPU = Release|Any CPU
	EndGlobalSection
	GlobalSection(ProjectConfigurationPlatforms) = postSolution
		{F62C6894-52BA-4F01-A157-7D0DDE049320}.Debug|Any CPU.ActiveCfg = Debug|Any CPU
		{F62C6894-52BA-4F01-A157-7D0DDE049320}.Debug|Any CPU.Build.0 = Debug|Any CPU
		{F62C6894-52BA-4F01-A157-7D0DDE049320}.Release|Any CPU.ActiveCfg = Release|Any CPU
		{F62C6894-52BA-4F01-A157-7D0DDE049320}.Release|Any CPU.Build.0 = Release|Any CPU
	EndGlobalSection
	GlobalSection(SolutionProperties) = preSolution
		HideSolutionNode = FALSE
	EndGlobalSection
	GlobalSection(ExtensibilityGlobals) = postSolution
		SolutionGuid = {EED083B2-C6FB-4557-AE7E-E749D06D6CF5}
	EndGlobalSection
EndGlobal
